{
  "requires": true,
  "lockfileVersion": 1,
  "dependencies": {
    "nativescript-perms": {
      "version": "1.0.7",
      "resolved": "https://registry.npmjs.org/nativescript-perms/-/nativescript-perms-1.0.7.tgz",
      "integrity": "sha512-n1uemdwW49Kqw5pVAME1tA3hFtOjm1Z4oaXnvu9e9X/ZlAlZEfnYA+BONIsvt+XIwhUcICKKCDyVQj/V0W57yw=="
    }
  }
}
